
Microsoft Visual Studio Solution File, Format Version 12.00
# Visual Studio 15
VisualStudioVersion = 15.0.27703.2042
MinimumVisualStudioVersion = 10.0.40219.1
Project("{FAE04EC0-301F-11D3-BF4B-00C04F79EFBC}") = "TestProject", "TestProject\TestProject.csproj", "{327D68E6-9548-4C90-9A8B-089A43B31FF5}"
EndProject
Project("{FAE04EC0-301F-11D3-BF4B-00C04F79EFBC}") = "TestProject.Data", "TestProject.Data\TestProject.Data.csproj", "{E1AEB445-5853-477A-95AE-4C8A2B3DF184}"
EndProject
Global
	GlobalSection(SolutionConfigurationPlatforms) = preSolution
		Debug|Any CPU = Debug|Any CPU
		Release|Any CPU = Release|Any CPU
	EndGlobalSection
	GlobalSection(ProjectConfigurationPlatforms) = postSolution
		{327D68E6-9548-4C90-9A8B-089A43B31FF5}.Debug|Any CPU.ActiveCfg = Debug|Any CPU
		{327D68E6-9548-4C90-9A8B-089A43B31FF5}.Debug|Any CPU.Build.0 = Debug|Any CPU
		{327D68E6-9548-4C90-9A8B-089A43B31FF5}.Release|Any CPU.ActiveCfg = Release|Any CPU
		{327D68E6-9548-4C90-9A8B-089A43B31FF5}.Release|Any CPU.Build.0 = Release|Any CPU
		{E1AEB445-5853-477A-95AE-4C8A2B3DF184}.Debug|Any CPU.ActiveCfg = Debug|Any CPU
		{E1AEB445-5853-477A-95AE-4C8A2B3DF184}.Debug|Any CPU.Build.0 = Debug|Any CPU
		{E1AEB445-5853-477A-95AE-4C8A2B3DF184}.Release|Any CPU.ActiveCfg = Release|Any CPU
		{E1AEB445-5853-477A-95AE-4C8A2B3DF184}.Release|Any CPU.Build.0 = Release|Any CPU
	EndGlobalSection
	GlobalSection(SolutionProperties) = preSolution
		HideSolutionNode = FALSE
	EndGlobalSection
	GlobalSection(ExtensibilityGlobals) = postSolution
		SolutionGuid = {847310B9-986D-4DEB-8A02-341436CBCA36}
	EndGlobalSection
EndGlobal
